// !$*UTF8*$!
{
	archiveVersion = 1;
	classes = {
	};
	objectVersion = 46;
	objects = {

/* Begin PBXBuildFile section */
		F71517EF1E9D5AF1004F322B /* AppDelegate.swift in Sources */ = {isa = PBXBuildFile; fileRef = F71517EE1E9D5AF1004F322B /* AppDelegate.swift */; };
		F71517F11E9D5AF1004F322B /* ViewController.swift in Sources */ = {isa = PBXBuildFile; fileRef = F71517F01E9D5AF1004F322B /* ViewController.swift */; };
		F71517F41E9D5AF1004F322B /* Main.storyboard in Resources */ = {isa = PBXBuildFile; fileRef = F71517F21E9D5AF1004F322B /* Main.storyboard */; };
		F71517F61E9D5AF1004F322B /* Assets.xcassets in Resources */ = {isa = PBXBuildFile; fileRef = F71517F51E9D5AF1004F322B /* Assets.xcassets */; };
		F71517F91E9D5AF1004F322B /* LaunchScreen.storyboard in Resources */ = {isa = PBXBuildFile; fileRef = F71517F71E9D5AF1004F322B /* LaunchScreen.storyboard */; };
/* End PBXBuildFile section */

/* Begin PBXFileReference section */
		F71517EB1E9D5AF1004F322B /* DraggingDemo.app */ = {isa = PBXFileReference; explicitFileType = wrapper.application; includeInIndex = 0; path = DraggingDemo.app; sourceTree = BUILT_PRODUCTS_DIR; };
		F71517EE1E9D5AF1004F322B /* AppDelegate.swift */ = {isa = PBXFileReference; lastKnownFileType = sourcecode.swift; path = AppDelegate.swift; sourceTree = "<group>"; };
		F71517F01E9D5AF1004F322B /* ViewController.swift */ = {isa = PBXFileReference; lastKnownFileType = sourcecode.swift; path = ViewController.swift; sourceTree = "<group>"; };
		F71517F31E9D5AF1004F322B /* Base */ = {isa = PBXFileReference; lastKnownFileType = file.storyboard; name = Base; path = Base.lproj/Main.storyboard; sourceTree = "<group>"; };
		F71517F51E9D5AF1004F322B /* Assets.xcassets */ = {isa = PBXFileReference; lastKnownFileType = folder.assetcatalog; path = Assets.xcassets; sourceTree = "<group>"; };
		F71517F81E9D5AF1004F322B /* Base */ = {isa = PBXFileReference; lastKnownFileType = file.storyboard; name = Base; path = Base.lproj/LaunchScreen.storyboard; sourceTree = "<group>"; };
		F71517FA1E9D5AF1004F322B /* Info.plist */ = {isa = PBXFileReference; lastKnownFileType = text.plist.xml; path = Info.plist; sourceTree = "<group>"; };
/* End PBXFileReference section */

/* Begin PBXFrameworksBuildPhase section */
		F71517E81E9D5AF1004F322B /* Frameworks */ = {
			isa = PBXFrameworksBuildPhase;
			buildActionMask = 2147483647;
			files = (
			);
			runOnlyForDeploymentPostprocessing = 0;
		};
/* End PBXFrameworksBuildPhase section */

/* Begin PBXGroup section */
		F71517E21E9D5AF1004F322B = {
			isa = PBXGroup;
			children = (
				F71517ED1E9D5AF1004F322B /* DraggingDemo */,
				F71517EC1E9D5AF1004F322B /* Products */,
			);
			sourceTree = "<group>";
		};
		F71517EC1E9D5AF1004F322B /* Products */ = {
			isa = PBXGroup;
			children = (
				F71517EB1E9D5AF1004F322B /* DraggingDemo.app */,
			);
			name = Products;
			sourceTree = "<group>";
		};
		F71517ED1E9D5AF1004F322B /* DraggingDemo */ = {
			isa = PBXGroup;
			children = (
				F71517EE1E9D5AF1004F322B /* AppDelegate.swift */,
				F71517F01E9D5AF1004F322B /* ViewController.swift */,
				F71517F21E9D5AF1004F322B /* Main.storyboard */,
				F71517F51E9D5AF1004F322B /* Assets.xcassets */,
				F71517F71E9D5AF1004F322B /* LaunchScreen.storyboard */,
				F71517FA1E9D5AF1004F322B /* Info.plist */,
			);
			path = DraggingDemo;
			sourceTree = "<group>";
		};
/* End PBXGroup section */

/* Begin PBXNativeTarget section */
		F71517EA1E9D5AF1004F322B /* DraggingDemo */ = {
			isa = PBXNativeTarget;
			buildConfigurationList = F71517FD1E9D5AF1004F322B /* Build configuration list for PBXNativeTarget "DraggingDemo" */;
			buildPhases = (
				F71517E71E9D5AF1004F322B /* Sources */,
				F71517E81E9D5AF1004F322B /* Frameworks */,
				F71517E91E9D5AF1004F322B /* Resources */,
			);
			buildRules = (
			);
			dependencies = (
			);
			name = DraggingDemo;
			productName = DraggingDemo;
			productReference = F71517EB1E9D5AF1004F322B /* DraggingDemo.app */;
			productType = "com.apple.product-type.application";
		};
/* End PBXNativeTarget section */

/* Begin PBXProject section */
		F71517E31E9D5AF1004F322B /* Project object */ = {
			isa = PBXProject;
			attributes = {
				LastSwiftUpdateCheck = 0820;
				LastUpgradeCheck = 0820;
				ORGANIZATIONNAME = "Tanna Inc";
				TargetAttributes = {
					F71517EA1E9D5AF1004F322B = {
						CreatedOnToolsVersion = 8.2.1;
						DevelopmentTeam = P87L74H9YS;
						ProvisioningStyle = Automatic;
					};
				};
			};
			buildConfigurationList = F71517E61E9D5AF1004F322B /* Build configuration list for PBXProject "DraggingDemo" */;
			compatibilityVersion = "Xcode 3.2";
			developmentRegion = English;
			hasScannedForEncodings = 0;
			knownRegions = (
				en,
				Base,
			);
			mainGroup = F71517E21E9D5AF1004F322B;
			productRefGroup = F71517EC1E9D5AF1004F322B /* Products */;
			projectDirPath = "";
			projectRoot = "";
			targets = (
				F71517EA1E9D5AF1004F322B /* DraggingDemo */,
			);
		};
/* End PBXProject section */

/* Begin PBXResourcesBuildPhase section */
		F71517E91E9D5AF1004F322B /* Resources */ = {
			isa = PBXResourcesBuildPhase;
			buildActionMask = 2147483647;
			files = (
				F71517F91E9D5AF1004F322B /* LaunchScreen.storyboard in Resources */,
				F71517F61E9D5AF1004F322B /* Assets.xcassets in Resources */,
				F71517F41E9D5AF1004F322B /* Main.storyboard in Resources */,
			);
			runOnlyForDeploymentPostprocessing = 0;
		};
/* End PBXResourcesBuildPhase section */

/* Begin PBXSourcesBuildPhase section */
		F71517E71E9D5AF1004F322B /* Sources */ = {
			isa = PBXSourcesBuildPhase;
			buildActionMask = 2147483647;
			files = (
				F71517F11E9D5AF1004F322B /* ViewController.swift in Sources */,
				F71517EF1E9D5AF1004F322B /* AppDelegate.swift in Sources */,
			);
			runOnlyForDeploymentPostprocessing = 0;
		};
/* End PBXSourcesBuildPhase section */

/* Begin PBXVariantGroup section */
		F71517F21E9D5AF1004F322B /* Main.storyboard */ = {
			isa = PBXVariantGroup;
			children = (
				F71517F31E9D5AF1004F322B /* Base */,
			);
			name = Main.storyboard;
			sourceTree = "<group>";
		};
		F71517F71E9D5AF1004F322B /* LaunchScreen.storyboard */ = {
			isa = PBXVariantGroup;
			children = (
				F71517F81E9D5AF1004F322B /* Base */,
			);
			name = LaunchScreen.storyboard;
			sourceTree = "<group>";
		};
/* End PBXVariantGroup section */

/* Begin XCBuildConfiguration section */
		F71517FB1E9D5AF1004F322B /* Debug */ = {
			isa = XCBuildConfiguration;
			buildSettings = {
				ALWAYS_SEARCH_USER_PATHS = NO;
				CLANG_ANALYZER_NONNULL = YES;
				CLANG_CXX_LANGUAGE_STANDARD = "gnu++0x";
				CLANG_CXX_LIBRARY = "libc++";
				CLANG_ENABLE_MODULES = YES;
				CLANG_ENABLE_OBJC_ARC = YES;
				CLANG_WARN_BOOL_CONVERSION = YES;
				CLANG_WARN_CONSTANT_CONVERSION = YES;
				CLANG_WARN_DIRECT_OBJC_ISA_USAGE = YES_ERROR;
				CLANG_WARN_DOCUMENTATION_COMMENTS = YES;
				CLANG_WARN_EMPTY_BODY = YES;
				CLANG_WARN_ENUM_CONVERSION = YES;
				CLANG_WARN_INFINITE_RECURSION = YES;
				CLANG_WARN_INT_CONVERSION = YES;
				CLANG_WARN_OBJC_ROOT_CLASS = YES_ERROR;
				CLANG_WARN_SUSPICIOUS_MOVE = YES;
				CLANG_WARN_UNREACHABLE_CODE = YES;
				CLANG_WARN__DUPLICATE_METHOD_MATCH = YES;
				"CODE_SIGN_IDENTITY[sdk=iphoneos*]" = "iPhone Developer";
				COPY_PHASE_STRIP = NO;
				DEBUG_INFORMATION_FORMAT = dwarf;
				ENABLE_STRICT_OBJC_MSGSEND = YES;
				ENABLE_TESTABILITY = YES;
				GCC_C_LANGUAGE_STANDARD = gnu99;
				GCC_DYNAMIC_NO_PIC = NO;
				GCC_NO_COMMON_BLOCKS = YES;
				GCC_OPTIMIZATION_LEVEL = 0;
				GCC_PREPROCESSOR_DEFINITIONS = (
					"DEBUG=1",
					"$(inherited)",
				);
				GCC_WARN_64_TO_32_BIT_CONVERSION = YES;
				GCC_WARN_ABOUT_RETURN_TYPE = YES_ERROR;
				GCC_WARN_UNDECLARED_SELECTOR = YES;
				GCC_WARN_UNINITIALIZED_AUTOS = YES_AGGRESSIVE;
				GCC_WARN_UNUSED_FUNCTION = YES;
				GCC_WARN_UNUSED_VARIABLE = YES;
				IPHONEOS_DEPLOYMENT_TARGET = 10.2;
				MTL_ENABLE_DEBUG_INFO = YES;
				ONLY_ACTIVE_ARCH = YES;
				SDKROOT = iphoneos;
				SWIFT_ACTIVE_COMPILATION_CONDITIONS = DEBUG;
				SWIFT_OPTIMIZATION_LEVEL = "-Onone";
			};
			name = Debug;
		};
		F71517FC1E9D5AF1004F322B /* Release */ = {
			isa = XCBuildConfiguration;
			buildSettings = {
				ALWAYS_SEARCH_USER_PATHS = NO;
				CLANG_ANALYZER_NONNULL = YES;
				CLANG_CXX_LANGUAGE_STANDARD = "gnu++0x";
				CLANG_CXX_LIBRARY = "libc++";
				CLANG_ENABLE_MODULES = YES;
				CLANG_ENABLE_OBJC_ARC = YES;
				CLANG_WARN_BOOL_CONVERSION = YES;
				CLANG_WARN_CONSTANT_CONVERSION = YES;
				CLANG_WARN_DIRECT_OBJC_ISA_USAGE = YES_ERROR;
				CLANG_WARN_DOCUMENTATION_COMMENTS = YES;
				CLANG_WARN_EMPTY_BODY = YES;
				CLANG_WARN_ENUM_CONVERSION = YES;
				CLANG_WARN_INFINITE_RECURSION = YES;
				CLANG_WARN_INT_CONVERSION = YES;
				CLANG_WARN_OBJC_ROOT_CLASS = YES_ERROR;
				CLANG_WARN_SUSPICIOUS_MOVE = YES;
				CLANG_WARN_UNREACHABLE_CODE = YES;
				CLANG_WARN__DUPLICATE_METHOD_MATCH = YES;
				"CODE_SIGN_IDENTITY[sdk=iphoneos*]" = "iPhone Developer";
				COPY_PHASE_STRIP = NO;
				DEBUG_INFORMATION_FORMAT = "dwarf-with-dsym";
				ENABLE_NS_ASSERTIONS = NO;
				ENABLE_STRICT_OBJC_MSGSEND = YES;
				GCC_C_LANGUAGE_STANDARD = gnu99;
				GCC_NO_COMMON_BLOCKS = YES;
				GCC_WARN_64_TO_32_BIT_CONVERSION = YES;
				GCC_WARN_ABOUT_RETURN_TYPE = YES_ERROR;
				GCC_WARN_UNDECLARED_SELECTOR = YES;
				GCC_WARN_UNINITIALIZED_AUTOS = YES_AGGRESSIVE;
				GCC_WARN_UNUSED_FUNCTION = YES;
				GCC_WARN_UNUSED_VARIABLE = YES;
				IPHONEOS_DEPLOYMENT_TARGET = 10.2;
				MTL_ENABLE_DEBUG_INFO = NO;
				SDKROOT = iphoneos;
				SWIFT_OPTIMIZATION_LEVEL = "-Owholemodule";
				VALIDATE_PRODUCT = YES;
			};
			name = Release;
		};
		F71517FE1E9D5AF1004F322B /* Debug */ = {
			isa = XCBuildConfiguration;
			buildSettings = {
				ASSETCATALOG_COMPILER_APPICON_NAME = AppIcon;
				DEVELOPMENT_TEAM = P87L74H9YS;
				INFOPLIST_FILE = DraggingDemo/Info.plist;
				LD_RUNPATH_SEARCH_PATHS = "$(inherited) @executable_path/Frameworks";
				PRODUCT_BUNDLE_IDENTIFIER = com.tanna.DraggingDemo;
				PRODUCT_NAME = "$(TARGET_NAME)";
				SWIFT_VERSION = 3.0;
			};
			name = Debug;
		};
		F71517FF1E9D5AF1004F322B /* Release */ = {
			isa = XCBuildConfiguration;
			buildSettings = {
				ASSETCATALOG_COMPILER_APPICON_NAME = AppIcon;
				DEVELOPMENT_TEAM = P87L74H9YS;
				INFOPLIST_FILE = DraggingDemo/Info.plist;
				LD_RUNPATH_SEARCH_PATHS = "$(inherited) @executable_path/Frameworks";
				PRODUCT_BUNDLE_IDENTIFIER = com.tanna.DraggingDemo;
				PRODUCT_NAME = "$(TARGET_NAME)";
				SWIFT_VERSION = 3.0;
			};
			name = Release;
		};
/* End XCBuildConfiguration section */

/* Begin XCConfigurationList section */
		F71517E61E9D5AF1004F322B /* Build configuration list for PBXProject "DraggingDemo" */ = {
			isa = XCConfigurationList;
			buildConfigurations = (
				F71517FB1E9D5AF1004F322B /* Debug */,
				F71517FC1E9D5AF1004F322B /* Release */,
			);
			defaultConfigurationIsVisible = 0;
			defaultConfigurationName = Release;
		};
		F71517FD1E9D5AF1004F322B /* Build configuration list for PBXNativeTarget "DraggingDemo" */ = {
			isa = XCConfigurationList;
			buildConfigurations = (
				F71517FE1E9D5AF1004F322B /* Debug */,
				F71517FF1E9D5AF1004F322B /* Release */,
			);
			defaultConfigurationIsVisible = 0;
		};
/* End XCConfigurationList section */
	};
	rootObject = F71517E31E9D5AF1004F322B /* Project object */;
}
